
Microsoft Visual Studio Solution File, Format Version 12.00
# Visual Studio 2013
VisualStudioVersion = 12.0.31101.0
MinimumVisualStudioVersion = 10.0.40219.1
Project("{FAE04EC0-301F-11D3-BF4B-00C04F79EFBC}") = "ParkNow.UI", "ParkNow.UI\ParkNow.UI.csproj", "{14D22772-23B8-4349-8309-FE37EE1ADBB3}"
EndProject
Project("{FAE04EC0-301F-11D3-BF4B-00C04F79EFBC}") = "ParkNow.DataAccess", "ParkNow.DataAccess\ParkNow.DataAccess.csproj", "{9544C4BA-60EF-4E1B-9796-9E4A6FDEA2D4}"
EndProject
Project("{FAE04EC0-301F-11D3-BF4B-00C04F79EFBC}") = "ParkNow.Application", "ParkNow.Application\ParkNow.Application.csproj", "{7569CE0F-3FC2-47C4-8C7D-BE087D3EADBD}"
EndProject
Global
	GlobalSection(SolutionConfigurationPlatforms) = preSolution
		Debug|Any CPU = Debug|Any CPU
		Release|Any CPU = Release|Any CPU
	EndGlobalSection
	GlobalSection(ProjectConfigurationPlatforms) = postSolution
		{14D22772-23B8-4349-8309-FE37EE1ADBB3}.Debug|Any CPU.ActiveCfg = Debug|Any CPU
		{14D22772-23B8-4349-8309-FE37EE1ADBB3}.Debug|Any CPU.Build.0 = Debug|Any CPU
		{14D22772-23B8-4349-8309-FE37EE1ADBB3}.Release|Any CPU.ActiveCfg = Release|Any CPU
		{14D22772-23B8-4349-8309-FE37EE1ADBB3}.Release|Any CPU.Build.0 = Release|Any CPU
		{9544C4BA-60EF-4E1B-9796-9E4A6FDEA2D4}.Debug|Any CPU.ActiveCfg = Debug|Any CPU
		{9544C4BA-60EF-4E1B-9796-9E4A6FDEA2D4}.Debug|Any CPU.Build.0 = Debug|Any CPU
		{9544C4BA-60EF-4E1B-9796-9E4A6FDEA2D4}.Release|Any CPU.ActiveCfg = Release|Any CPU
		{9544C4BA-60EF-4E1B-9796-9E4A6FDEA2D4}.Release|Any CPU.Build.0 = Release|Any CPU
		{7569CE0F-3FC2-47C4-8C7D-BE087D3EADBD}.Debug|Any CPU.ActiveCfg = Debug|Any CPU
		{7569CE0F-3FC2-47C4-8C7D-BE087D3EADBD}.Debug|Any CPU.Build.0 = Debug|Any CPU
		{7569CE0F-3FC2-47C4-8C7D-BE087D3EADBD}.Release|Any CPU.ActiveCfg = Release|Any CPU
		{7569CE0F-3FC2-47C4-8C7D-BE087D3EADBD}.Release|Any CPU.Build.0 = Release|Any CPU
	EndGlobalSection
	GlobalSection(SolutionProperties) = preSolution
		HideSolutionNode = FALSE
	EndGlobalSection
EndGlobal
